
Microsoft Visual Studio Solution File, Format Version 12.00
# Visual Studio Version 17
VisualStudioVersion = 17.2.32616.157
MinimumVisualStudioVersion = 10.0.40219.1
Project("{FAE04EC0-301F-11D3-BF4B-00C04F79EFBC}") = "AppDentistry", "AppDentistry.csproj", "{6E386B23-C78F-4971-A7AD-33757B30EF87}"
EndProject
Project("{FAE04EC0-301F-11D3-BF4B-00C04F79EFBC}") = "Domain", "..\Domain\Domain.csproj", "{71D2E500-5463-4BD3-918F-4D3756AA5866}"
EndProject
Global
	GlobalSection(SolutionConfigurationPlatforms) = preSolution
		Debug|Any CPU = Debug|Any CPU
		Release|Any CPU = Release|Any CPU
	EndGlobalSection
	GlobalSection(ProjectConfigurationPlatforms) = postSolution
		{6E386B23-C78F-4971-A7AD-33757B30EF87}.Debug|Any CPU.ActiveCfg = Debug|Any CPU
		{6E386B23-C78F-4971-A7AD-33757B30EF87}.Debug|Any CPU.Build.0 = Debug|Any CPU
		{6E386B23-C78F-4971-A7AD-33757B30EF87}.Release|Any CPU.ActiveCfg = Release|Any CPU
		{6E386B23-C78F-4971-A7AD-33757B30EF87}.Release|Any CPU.Build.0 = Release|Any CPU
		{71D2E500-5463-4BD3-918F-4D3756AA5866}.Debug|Any CPU.ActiveCfg = Debug|Any CPU
		{71D2E500-5463-4BD3-918F-4D3756AA5866}.Debug|Any CPU.Build.0 = Debug|Any CPU
		{71D2E500-5463-4BD3-918F-4D3756AA5866}.Release|Any CPU.ActiveCfg = Release|Any CPU
		{71D2E500-5463-4BD3-918F-4D3756AA5866}.Release|Any CPU.Build.0 = Release|Any CPU
	EndGlobalSection
	GlobalSection(SolutionProperties) = preSolution
		HideSolutionNode = FALSE
	EndGlobalSection
	GlobalSection(ExtensibilityGlobals) = postSolution
		SolutionGuid = {E9F26B3E-7037-45DC-BD99-E81D67983ACF}
	EndGlobalSection
EndGlobal
